
Microsoft Visual Studio Solution File, Format Version 12.00
# Visual Studio Version 17
VisualStudioVersion = 17.4.33122.133
MinimumVisualStudioVersion = 10.0.40219.1
Project("{8BC9CEB8-8B4A-11D0-8D11-00A0C91BC942}") = "EcosystemSim", "EcosystemSim\EcosystemSim.vcxproj", "{7AC8086E-797D-4929-BF91-AEB5F1C4991A}"
EndProject
Global
	GlobalSection(SolutionConfigurationPlatforms) = preSolution
		Debug|x64 = Debug|x64
		Debug|x86 = Debug|x86
		Release|x64 = Release|x64
		Release|x86 = Release|x86
	EndGlobalSection
	GlobalSection(ProjectConfigurationPlatforms) = postSolution
		{7AC8086E-797D-4929-BF91-AEB5F1C4991A}.Debug|x64.ActiveCfg = Debug|x64
		{7AC8086E-797D-4929-BF91-AEB5F1C4991A}.Debug|x64.Build.0 = Debug|x64
		{7AC8086E-797D-4929-BF91-AEB5F1C4991A}.Debug|x86.ActiveCfg = Debug|Win32
		{7AC8086E-797D-4929-BF91-AEB5F1C4991A}.Debug|x86.Build.0 = Debug|Win32
		{7AC8086E-797D-4929-BF91-AEB5F1C4991A}.Release|x64.ActiveCfg = Release|x64
		{7AC8086E-797D-4929-BF91-AEB5F1C4991A}.Release|x64.Build.0 = Release|x64
		{7AC8086E-797D-4929-BF91-AEB5F1C4991A}.Release|x86.ActiveCfg = Release|Win32
		{7AC8086E-797D-4929-BF91-AEB5F1C4991A}.Release|x86.Build.0 = Release|Win32
	EndGlobalSection
	GlobalSection(SolutionProperties) = preSolution
		HideSolutionNode = FALSE
	EndGlobalSection
	GlobalSection(ExtensibilityGlobals) = postSolution
		SolutionGuid = {B26689E4-4554-41F4-BFA5-3D866B925992}
	EndGlobalSection
EndGlobal
